
Microsoft Visual Studio Solution File, Format Version 12.00
Project("{FAE04EC0-301F-11D3-BF4B-00C04F79EFBC}") = "Visoft.Core.Benchmarks", "Visoft.Core.Benchmarks\Visoft.Core.Benchmarks.csproj", "{0A0E94EA-FECB-499C-BEF4-A35BC163EA41}"
EndProject
Project("{FAE04EC0-301F-11D3-BF4B-00C04F79EFBC}") = "Visoft.Core", "Visoft.Core\Visoft.Core.csproj", "{DA4155CE-D06A-4E0B-AB2A-73E22E4681D1}"
EndProject
Project("{FAE04EC0-301F-11D3-BF4B-00C04F79EFBC}") = "Visoft.Core.Runner", "Visoft.Core.Runner\Visoft.Core.Runner.csproj", "{6DF454D3-BAED-4F22-B26B-ED52B637E914}"
EndProject
Project("{FAE04EC0-301F-11D3-BF4B-00C04F79EFBC}") = "Visoft.Core.Tests", "Visoft.Core.Tests\Visoft.Core.Tests.csproj", "{2F505BF7-94B7-46A0-9064-42E7F7038C4A}"
EndProject
Global
	GlobalSection(SolutionConfigurationPlatforms) = preSolution
		Debug|Any CPU = Debug|Any CPU
		Release|Any CPU = Release|Any CPU
	EndGlobalSection
	GlobalSection(ProjectConfigurationPlatforms) = postSolution
		{0A0E94EA-FECB-499C-BEF4-A35BC163EA41}.Debug|Any CPU.ActiveCfg = Debug|Any CPU
		{0A0E94EA-FECB-499C-BEF4-A35BC163EA41}.Debug|Any CPU.Build.0 = Debug|Any CPU
		{0A0E94EA-FECB-499C-BEF4-A35BC163EA41}.Release|Any CPU.ActiveCfg = Release|Any CPU
		{0A0E94EA-FECB-499C-BEF4-A35BC163EA41}.Release|Any CPU.Build.0 = Release|Any CPU
		{DA4155CE-D06A-4E0B-AB2A-73E22E4681D1}.Debug|Any CPU.ActiveCfg = Debug|Any CPU
		{DA4155CE-D06A-4E0B-AB2A-73E22E4681D1}.Debug|Any CPU.Build.0 = Debug|Any CPU
		{DA4155CE-D06A-4E0B-AB2A-73E22E4681D1}.Release|Any CPU.ActiveCfg = Release|Any CPU
		{DA4155CE-D06A-4E0B-AB2A-73E22E4681D1}.Release|Any CPU.Build.0 = Release|Any CPU
		{6DF454D3-BAED-4F22-B26B-ED52B637E914}.Debug|Any CPU.ActiveCfg = Debug|Any CPU
		{6DF454D3-BAED-4F22-B26B-ED52B637E914}.Debug|Any CPU.Build.0 = Debug|Any CPU
		{6DF454D3-BAED-4F22-B26B-ED52B637E914}.Release|Any CPU.ActiveCfg = Release|Any CPU
		{6DF454D3-BAED-4F22-B26B-ED52B637E914}.Release|Any CPU.Build.0 = Release|Any CPU
		{2F505BF7-94B7-46A0-9064-42E7F7038C4A}.Debug|Any CPU.ActiveCfg = Debug|Any CPU
		{2F505BF7-94B7-46A0-9064-42E7F7038C4A}.Debug|Any CPU.Build.0 = Debug|Any CPU
		{2F505BF7-94B7-46A0-9064-42E7F7038C4A}.Release|Any CPU.ActiveCfg = Release|Any CPU
		{2F505BF7-94B7-46A0-9064-42E7F7038C4A}.Release|Any CPU.Build.0 = Release|Any CPU
	EndGlobalSection
	GlobalSection(NestedProjects) = preSolution
	EndGlobalSection
EndGlobal
